
Microsoft Visual Studio Solution File, Format Version 12.00
# Visual Studio Version 17
VisualStudioVersion = 17.10.34916.146
MinimumVisualStudioVersion = 10.0.40219.1
Project("{8BC9CEB8-8B4A-11D0-8D11-00A0C91BC942}") = "ConsoleApplication28", "ConsoleApplication28.vcxproj", "{140D34CB-6BDE-4265-A997-D6DD3648E344}"
EndProject
Global
	GlobalSection(SolutionConfigurationPlatforms) = preSolution
		Debug|x64 = Debug|x64
		Debug|x86 = Debug|x86
		Release|x64 = Release|x64
		Release|x86 = Release|x86
	EndGlobalSection
	GlobalSection(ProjectConfigurationPlatforms) = postSolution
		{140D34CB-6BDE-4265-A997-D6DD3648E344}.Debug|x64.ActiveCfg = Debug|x64
		{140D34CB-6BDE-4265-A997-D6DD3648E344}.Debug|x64.Build.0 = Debug|x64
		{140D34CB-6BDE-4265-A997-D6DD3648E344}.Debug|x86.ActiveCfg = Debug|Win32
		{140D34CB-6BDE-4265-A997-D6DD3648E344}.Debug|x86.Build.0 = Debug|Win32
		{140D34CB-6BDE-4265-A997-D6DD3648E344}.Release|x64.ActiveCfg = Release|x64
		{140D34CB-6BDE-4265-A997-D6DD3648E344}.Release|x64.Build.0 = Release|x64
		{140D34CB-6BDE-4265-A997-D6DD3648E344}.Release|x86.ActiveCfg = Release|Win32
		{140D34CB-6BDE-4265-A997-D6DD3648E344}.Release|x86.Build.0 = Release|Win32
	EndGlobalSection
	GlobalSection(SolutionProperties) = preSolution
		HideSolutionNode = FALSE
	EndGlobalSection
	GlobalSection(ExtensibilityGlobals) = postSolution
		SolutionGuid = {4E5B5413-6D1B-4939-866A-10470DCDF0D1}
	EndGlobalSection
EndGlobal
